
Microsoft Visual Studio Solution File, Format Version 12.00
# Visual Studio Version 17
VisualStudioVersion = 17.0.32014.148
MinimumVisualStudioVersion = 10.0.40219.1
Project("{FAE04EC0-301F-11D3-BF4B-00C04F79EFBC}") = "SSExercise2", "SSExercise2\SSExercise2.csproj", "{D1783953-3B4D-4C4E-8931-E0E9A88F5A77}"
EndProject
Global
	GlobalSection(SolutionConfigurationPlatforms) = preSolution
		Debug|Any CPU = Debug|Any CPU
		Release|Any CPU = Release|Any CPU
	EndGlobalSection
	GlobalSection(ProjectConfigurationPlatforms) = postSolution
		{D1783953-3B4D-4C4E-8931-E0E9A88F5A77}.Debug|Any CPU.ActiveCfg = Debug|Any CPU
		{D1783953-3B4D-4C4E-8931-E0E9A88F5A77}.Debug|Any CPU.Build.0 = Debug|Any CPU
		{D1783953-3B4D-4C4E-8931-E0E9A88F5A77}.Release|Any CPU.ActiveCfg = Release|Any CPU
		{D1783953-3B4D-4C4E-8931-E0E9A88F5A77}.Release|Any CPU.Build.0 = Release|Any CPU
	EndGlobalSection
	GlobalSection(SolutionProperties) = preSolution
		HideSolutionNode = FALSE
	EndGlobalSection
	GlobalSection(ExtensibilityGlobals) = postSolution
		SolutionGuid = {DF06E954-49EB-414F-9712-FD60446CE6EF}
	EndGlobalSection
EndGlobal
