
Microsoft Visual Studio Solution File, Format Version 12.00
# Visual Studio Version 17
VisualStudioVersion = 17.0.32014.148
MinimumVisualStudioVersion = 10.0.40219.1
Project("{FAE04EC0-301F-11D3-BF4B-00C04F79EFBC}") = "SimpleApp", "SimpleApp\SimpleApp.csproj", "{AB8E7993-87DF-4579-A993-456018FFA0CC}"
EndProject
Global
	GlobalSection(SolutionConfigurationPlatforms) = preSolution
		Debug|Any CPU = Debug|Any CPU
		Release|Any CPU = Release|Any CPU
	EndGlobalSection
	GlobalSection(ProjectConfigurationPlatforms) = postSolution
		{AB8E7993-87DF-4579-A993-456018FFA0CC}.Debug|Any CPU.ActiveCfg = Debug|Any CPU
		{AB8E7993-87DF-4579-A993-456018FFA0CC}.Debug|Any CPU.Build.0 = Debug|Any CPU
		{AB8E7993-87DF-4579-A993-456018FFA0CC}.Release|Any CPU.ActiveCfg = Release|Any CPU
		{AB8E7993-87DF-4579-A993-456018FFA0CC}.Release|Any CPU.Build.0 = Release|Any CPU
	EndGlobalSection
	GlobalSection(SolutionProperties) = preSolution
		HideSolutionNode = FALSE
	EndGlobalSection
	GlobalSection(ExtensibilityGlobals) = postSolution
		SolutionGuid = {A83BFDA2-4D65-495E-B894-1B60A146B718}
	EndGlobalSection
EndGlobal
